data extraction:
  cmd: python loan/load_data.py
  deps:
  - path: loan/load_data.py
    md5: 129fc6ade51efd35cd9d06dac77c9d7e
    size: 940
  outs:
  - path: loan_assets/loan_data
    md5: 71c0d1bc54ee763dc230f480db04e50a.dir
    size: 6648
    nfiles: 2
feature extraction:
  cmd: python loan/feature_extraction.py
  deps:
  - path: loan/feature_extraction.py
    md5: 948e9bad8a4d7bdf7e22ef79e066c21e
    size: 1352
  - path: loan_assets/loan_data
    md5: 71c0d1bc54ee763dc230f480db04e50a.dir
    size: 6648
    nfiles: 2
  outs:
  - path: loan_assets/loan_features
    md5: 39658cf035aee14e437a0f50b40e7a41.dir
    size: 13936
    nfiles: 4
model training:
  cmd: python loan/model_training.py
  deps:
  - path: loan/model_training.py
    md5: c9082f9dda83fceb49bb53c80a660350
    size: 692
  - path: loan_assets/loan_features
    md5: 39658cf035aee14e437a0f50b40e7a41.dir
    size: 13936
    nfiles: 4
  outs:
  - path: loan_assets/loan_models
    md5: 24a8d015304f61b7da960a24b9b3e0bb.dir
    size: 5954
    nfiles: 1
model evaluation:
  cmd: python loan/model_evaluate.py
  deps:
  - path: loan/model_evaluate.py
    md5: dadbffc6fc086e5fee586d2d5c8f66a9
    size: 1288
  - path: loan_assets/loan_features
    md5: 39658cf035aee14e437a0f50b40e7a41.dir
    size: 13936
    nfiles: 4
  - path: loan_assets/loan_models
    md5: 24a8d015304f61b7da960a24b9b3e0bb.dir
    size: 5954
    nfiles: 1
  outs:
  - path: loan_assets/loan_metrics
    md5: 7d644892458eff297fbaeeaa4a8eb128.dir
    size: 298
    nfiles: 2
