data extraction:
  cmd: python loan/load_data.py
  deps:
  - path: loan/load_data.py
    md5: 129fc6ade51efd35cd9d06dac77c9d7e
    size: 940
  outs:
  - path: loan_assets/loan_data
    md5: 71c0d1bc54ee763dc230f480db04e50a.dir
    size: 6648
    nfiles: 2
feature extraction:
  cmd: python loan/feature_extraction.py
  deps:
  - path: loan/feature_extraction.py
    md5: 0e285a6c36e91ca874d9c6441d034361
    size: 1127
  - path: loan_assets/loan_data
    md5: 71c0d1bc54ee763dc230f480db04e50a.dir
    size: 6648
    nfiles: 2
  outs:
  - path: loan_assets/loan_features
    md5: 84141d7839d818886f6a5334cfba54d8.dir
    size: 32726
    nfiles: 4
model training:
  cmd: python loan/model_training.py
  deps:
  - path: loan/model_training.py
    md5: 6d42430a226b7efd39ab937d42222b1c
    size: 745
  - path: loan_assets/loan_features
    md5: 84141d7839d818886f6a5334cfba54d8.dir
    size: 32726
    nfiles: 4
  outs:
  - path: loan_assets/loan_models
    md5: 78bbae5b327eed9612bebc089f499817.dir
    size: 239326
    nfiles: 1
model evaluation:
  cmd: python loan/model_evaluate.py
  deps:
  - path: loan/model_evaluate.py
    md5: cf24a0f8461a3fddfa90dbb57b6041db
    size: 1414
  - path: loan_assets/loan_features
    md5: 84141d7839d818886f6a5334cfba54d8.dir
    size: 32726
    nfiles: 4
  - path: loan_assets/loan_models
    md5: 78bbae5b327eed9612bebc089f499817.dir
    size: 239326
    nfiles: 1
  outs:
  - path: loan_assets/loan_metrics
    md5: 28f81553f07bec60336827a67eb56235.dir
    size: 707
    nfiles: 2
