data extraction:
  cmd: python loan/load_data.py
  deps:
  - path: loan/load_data.py
    md5: 129fc6ade51efd35cd9d06dac77c9d7e
    size: 940
  outs:
  - path: loan_assets/loan_data
    md5: 71c0d1bc54ee763dc230f480db04e50a.dir
    size: 6648
    nfiles: 2
feature extraction:
  cmd: python loan/feature_extraction.py
  deps:
  - path: loan/feature_extraction.py
    md5: 7bdc1a47db05c1e96b9d48d5c10e77dc
    size: 1377
  - path: loan_assets/loan_data
    md5: 71c0d1bc54ee763dc230f480db04e50a.dir
    size: 6648
    nfiles: 2
  outs:
  - path: loan_assets/loan_features
    md5: 39a0ee5c85d41a537cd42d64b1a585f7.dir
    size: 11602
    nfiles: 4
model training:
  cmd: python loan/model_training.py
  deps:
  - path: loan/model_training.py
    md5: 7833ed59624903087a70e697f1b63531
    size: 716
  - path: loan_assets/loan_features
    md5: 39a0ee5c85d41a537cd42d64b1a585f7.dir
    size: 11602
    nfiles: 4
  outs:
  - path: loan_assets/loan_models
    md5: dfb94a4dfe40ed061aa5958b588e1fae.dir
    size: 1008
    nfiles: 1
model evaluation:
  cmd: python loan/model_evaluate.py
  deps:
  - path: loan/model_evaluate.py
    md5: cf24a0f8461a3fddfa90dbb57b6041db
    size: 1414
  - path: loan_assets/loan_features
    md5: 39a0ee5c85d41a537cd42d64b1a585f7.dir
    size: 11602
    nfiles: 4
  - path: loan_assets/loan_models
    md5: dfb94a4dfe40ed061aa5958b588e1fae.dir
    size: 1008
    nfiles: 1
  outs:
  - path: loan_assets/loan_metrics
    md5: d9c0eae743203d5a11e887b8b23add99.dir
    size: 287
    nfiles: 2
